
Microsoft Visual Studio Solution File, Format Version 12.00
# Visual Studio Version 17
VisualStudioVersion = 17.1.32328.378
MinimumVisualStudioVersion = 10.0.40219.1
Project("{9A19103F-16F7-4668-BE54-9A1E7A4F7556}") = "FluentIcons.Common", "FluentIcons.Common\FluentIcons.Common.csproj", "{5FDFFF39-11C9-42E2-989C-86B30C25C1FC}"
EndProject
Project("{9A19103F-16F7-4668-BE54-9A1E7A4F7556}") = "FluentIcons.Avalonia", "FluentIcons.Avalonia\FluentIcons.Avalonia.csproj", "{4F5C2910-0A49-49EB-AB1E-E38621676F6E}"
EndProject
Project("{9A19103F-16F7-4668-BE54-9A1E7A4F7556}") = "FluentIcons.Avalonia.Fluent", "FluentIcons.Avalonia.Fluent\FluentIcons.Avalonia.Fluent.csproj", "{999609A7-C529-4E33-B3C6-3C648D318194}"
EndProject
Project("{9A19103F-16F7-4668-BE54-9A1E7A4F7556}") = "FluentIcons.Maui", "FluentIcons.Maui\FluentIcons.Maui.csproj", "{0147C878-92EA-4F88-B5EF-8B1A63C9C462}"
EndProject
Project("{9A19103F-16F7-4668-BE54-9A1E7A4F7556}") = "FluentIcons.Uno", "FluentIcons.Uno\FluentIcons.Uno.csproj", "{165238B5-7446-4D7F-8C97-705BA7305BEE}"
EndProject
Project("{9A19103F-16F7-4668-BE54-9A1E7A4F7556}") = "FluentIcons.Uwp", "FluentIcons.Uwp\FluentIcons.Uwp.csproj", "{E1112BAC-EDEA-4303-A9C3-2CC9DA33EDED}"
EndProject
Project("{9A19103F-16F7-4668-BE54-9A1E7A4F7556}") = "FluentIcons.WinUI", "FluentIcons.WinUI\FluentIcons.WinUI.csproj", "{BCA0EB9E-A440-4294-9241-1CF2A1B3889E}"
EndProject
Project("{9A19103F-16F7-4668-BE54-9A1E7A4F7556}") = "FluentIcons.WPF", "FluentIcons.WPF\FluentIcons.WPF.csproj", "{A351E592-DB78-4BEE-8DB3-5B7CD7FE870C}"
EndProject
Project("{2150E333-8FDC-42A3-9474-1A3956D46DE8}") = "Solution Items", "Solution Items", "{1AB4B495-5E45-400D-9535-90641016E8AD}"
	ProjectSection(SolutionItems) = preProject
		.editorconfig = .editorconfig
		Directory.Build.props = Directory.Build.props
		Directory.Build.targets = Directory.Build.targets
		Directory.Packages.props = Directory.Packages.props
	EndProjectSection
EndProject
Global
	GlobalSection(SolutionConfigurationPlatforms) = preSolution
		Debug|Any CPU = Debug|Any CPU
		Release|Any CPU = Release|Any CPU
	EndGlobalSection
	GlobalSection(ProjectConfigurationPlatforms) = postSolution
		{5FDFFF39-11C9-42E2-989C-86B30C25C1FC}.Debug|Any CPU.ActiveCfg = Debug|Any CPU
		{5FDFFF39-11C9-42E2-989C-86B30C25C1FC}.Debug|Any CPU.Build.0 = Debug|Any CPU
		{5FDFFF39-11C9-42E2-989C-86B30C25C1FC}.Release|Any CPU.ActiveCfg = Release|Any CPU
		{5FDFFF39-11C9-42E2-989C-86B30C25C1FC}.Release|Any CPU.Build.0 = Release|Any CPU
		{4F5C2910-0A49-49EB-AB1E-E38621676F6E}.Debug|Any CPU.ActiveCfg = Debug|Any CPU
		{4F5C2910-0A49-49EB-AB1E-E38621676F6E}.Debug|Any CPU.Build.0 = Debug|Any CPU
		{4F5C2910-0A49-49EB-AB1E-E38621676F6E}.Release|Any CPU.ActiveCfg = Release|Any CPU
		{4F5C2910-0A49-49EB-AB1E-E38621676F6E}.Release|Any CPU.Build.0 = Release|Any CPU
		{999609A7-C529-4E33-B3C6-3C648D318194}.Debug|Any CPU.ActiveCfg = Debug|Any CPU
		{999609A7-C529-4E33-B3C6-3C648D318194}.Debug|Any CPU.Build.0 = Debug|Any CPU
		{999609A7-C529-4E33-B3C6-3C648D318194}.Release|Any CPU.ActiveCfg = Release|Any CPU
		{999609A7-C529-4E33-B3C6-3C648D318194}.Release|Any CPU.Build.0 = Release|Any CPU
		{0147C878-92EA-4F88-B5EF-8B1A63C9C462}.Debug|Any CPU.ActiveCfg = Debug|Any CPU
		{0147C878-92EA-4F88-B5EF-8B1A63C9C462}.Debug|Any CPU.Build.0 = Debug|Any CPU
		{0147C878-92EA-4F88-B5EF-8B1A63C9C462}.Release|Any CPU.ActiveCfg = Release|Any CPU
		{0147C878-92EA-4F88-B5EF-8B1A63C9C462}.Release|Any CPU.Build.0 = Release|Any CPU
		{165238B5-7446-4D7F-8C97-705BA7305BEE}.Debug|Any CPU.ActiveCfg = Debug|Any CPU
		{165238B5-7446-4D7F-8C97-705BA7305BEE}.Debug|Any CPU.Build.0 = Debug|Any CPU
		{165238B5-7446-4D7F-8C97-705BA7305BEE}.Release|Any CPU.ActiveCfg = Release|Any CPU
		{165238B5-7446-4D7F-8C97-705BA7305BEE}.Release|Any CPU.Build.0 = Release|Any CPU
		{E1112BAC-EDEA-4303-A9C3-2CC9DA33EDED}.Debug|Any CPU.ActiveCfg = Debug|Any CPU
		{E1112BAC-EDEA-4303-A9C3-2CC9DA33EDED}.Debug|Any CPU.Build.0 = Debug|Any CPU
		{E1112BAC-EDEA-4303-A9C3-2CC9DA33EDED}.Release|Any CPU.ActiveCfg = Release|Any CPU
		{E1112BAC-EDEA-4303-A9C3-2CC9DA33EDED}.Release|Any CPU.Build.0 = Release|Any CPU
		{BCA0EB9E-A440-4294-9241-1CF2A1B3889E}.Debug|Any CPU.ActiveCfg = Debug|Any CPU
		{BCA0EB9E-A440-4294-9241-1CF2A1B3889E}.Debug|Any CPU.Build.0 = Debug|Any CPU
		{BCA0EB9E-A440-4294-9241-1CF2A1B3889E}.Release|Any CPU.ActiveCfg = Release|Any CPU
		{BCA0EB9E-A440-4294-9241-1CF2A1B3889E}.Release|Any CPU.Build.0 = Release|Any CPU
		{A351E592-DB78-4BEE-8DB3-5B7CD7FE870C}.Debug|Any CPU.ActiveCfg = Debug|Any CPU
		{A351E592-DB78-4BEE-8DB3-5B7CD7FE870C}.Debug|Any CPU.Build.0 = Debug|Any CPU
		{A351E592-DB78-4BEE-8DB3-5B7CD7FE870C}.Release|Any CPU.ActiveCfg = Release|Any CPU
		{A351E592-DB78-4BEE-8DB3-5B7CD7FE870C}.Release|Any CPU.Build.0 = Release|Any CPU
	EndGlobalSection
	GlobalSection(SolutionProperties) = preSolution
		HideSolutionNode = FALSE
	EndGlobalSection
	GlobalSection(ExtensibilityGlobals) = postSolution
		SolutionGuid = {8FD717A7-AC34-4E0B-A1A2-0DC2C455F2A4}
	EndGlobalSection
EndGlobal
